
Microsoft Visual Studio Solution File, Format Version 12.00
# Visual Studio Version 17
VisualStudioVersion = 17.4.32916.344
MinimumVisualStudioVersion = 10.0.40219.1
Project("{9A19103F-16F7-4668-BE54-9A1E7A4F7556}") = "StoneCodeGenerator.Lib", "StoneCodeGenerator.Lib\StoneCodeGenerator.Lib.csproj", "{8A592CF6-221E-4005-8B2C-5EAA63AD457F}"
EndProject
Project("{9A19103F-16F7-4668-BE54-9A1E7A4F7556}") = "StoneCodeGenerator.wpf", "StoneCodeGenerator.wpf\StoneCodeGenerator.wpf.csproj", "{F55062F6-DC00-4EB0-91ED-2914F1F93096}"
EndProject
Project("{9A19103F-16F7-4668-BE54-9A1E7A4F7556}") = "StoneCodeGenerator.Service", "StoneCodeGenerator.Service\StoneCodeGenerator.Service.csproj", "{31E59E94-6C87-448A-AD17-01FFE735236A}"
EndProject
Project("{9A19103F-16F7-4668-BE54-9A1E7A4F7556}") = "StoneCodeGenerator.Interface", "StoneCodeGenerator.interface\StoneCodeGenerator.Interface.csproj", "{9CF95B12-03F5-49AD-8909-EA678F3839FC}"
EndProject
Project("{FAE04EC0-301F-11D3-BF4B-00C04F79EFBC}") = "StoneCodeGenerator.TestService", "StoneCodeGenerator.TestService\StoneCodeGenerator.TestService.csproj", "{ED46ED72-B2AF-40F0-9160-90B0121EA9E0}"
EndProject
Global
	GlobalSection(SolutionConfigurationPlatforms) = preSolution
		Debug|Any CPU = Debug|Any CPU
		Release|Any CPU = Release|Any CPU
	EndGlobalSection
	GlobalSection(ProjectConfigurationPlatforms) = postSolution
		{8A592CF6-221E-4005-8B2C-5EAA63AD457F}.Debug|Any CPU.ActiveCfg = Debug|Any CPU
		{8A592CF6-221E-4005-8B2C-5EAA63AD457F}.Debug|Any CPU.Build.0 = Debug|Any CPU
		{8A592CF6-221E-4005-8B2C-5EAA63AD457F}.Release|Any CPU.ActiveCfg = Release|Any CPU
		{8A592CF6-221E-4005-8B2C-5EAA63AD457F}.Release|Any CPU.Build.0 = Release|Any CPU
		{F55062F6-DC00-4EB0-91ED-2914F1F93096}.Debug|Any CPU.ActiveCfg = Debug|Any CPU
		{F55062F6-DC00-4EB0-91ED-2914F1F93096}.Debug|Any CPU.Build.0 = Debug|Any CPU
		{F55062F6-DC00-4EB0-91ED-2914F1F93096}.Release|Any CPU.ActiveCfg = Release|Any CPU
		{F55062F6-DC00-4EB0-91ED-2914F1F93096}.Release|Any CPU.Build.0 = Release|Any CPU
		{31E59E94-6C87-448A-AD17-01FFE735236A}.Debug|Any CPU.ActiveCfg = Debug|Any CPU
		{31E59E94-6C87-448A-AD17-01FFE735236A}.Debug|Any CPU.Build.0 = Debug|Any CPU
		{31E59E94-6C87-448A-AD17-01FFE735236A}.Release|Any CPU.ActiveCfg = Release|Any CPU
		{31E59E94-6C87-448A-AD17-01FFE735236A}.Release|Any CPU.Build.0 = Release|Any CPU
		{9CF95B12-03F5-49AD-8909-EA678F3839FC}.Debug|Any CPU.ActiveCfg = Debug|Any CPU
		{9CF95B12-03F5-49AD-8909-EA678F3839FC}.Debug|Any CPU.Build.0 = Debug|Any CPU
		{9CF95B12-03F5-49AD-8909-EA678F3839FC}.Release|Any CPU.ActiveCfg = Release|Any CPU
		{9CF95B12-03F5-49AD-8909-EA678F3839FC}.Release|Any CPU.Build.0 = Release|Any CPU
		{ED46ED72-B2AF-40F0-9160-90B0121EA9E0}.Debug|Any CPU.ActiveCfg = Debug|Any CPU
		{ED46ED72-B2AF-40F0-9160-90B0121EA9E0}.Debug|Any CPU.Build.0 = Debug|Any CPU
		{ED46ED72-B2AF-40F0-9160-90B0121EA9E0}.Release|Any CPU.ActiveCfg = Release|Any CPU
		{ED46ED72-B2AF-40F0-9160-90B0121EA9E0}.Release|Any CPU.Build.0 = Release|Any CPU
	EndGlobalSection
	GlobalSection(SolutionProperties) = preSolution
		HideSolutionNode = FALSE
	EndGlobalSection
	GlobalSection(ExtensibilityGlobals) = postSolution
		SolutionGuid = {0A62D093-A2F6-4F0E-8052-E6A7DB0F8224}
	EndGlobalSection
EndGlobal
